
Microsoft Visual Studio Solution File, Format Version 12.00
# Visual Studio Express 2012 for Windows Desktop
Project("{FAE04EC0-301F-11D3-BF4B-00C04F79EFBC}") = "CastorNet", "CastorNet\CastorNet.csproj", "{C3742659-33D3-41A0-A05B-C0CDCF157C05}"
EndProject
Project("{FAE04EC0-301F-11D3-BF4B-00C04F79EFBC}") = "CastorNetTest", "CastorNetTest\CastorNetTest.csproj", "{3DF6CC31-0FD9-4812-9DB0-D72796B31DE3}"
EndProject
Project("{FAE04EC0-301F-11D3-BF4B-00C04F79EFBC}") = "SqlLiteGen", "SqlLiteGen\SqlLiteGen.csproj", "{EECD1415-C67C-41EF-8442-AAE348F6D424}"
EndProject
Global
	GlobalSection(SolutionConfigurationPlatforms) = preSolution
		Debug|Any CPU = Debug|Any CPU
		Release|Any CPU = Release|Any CPU
	EndGlobalSection
	GlobalSection(ProjectConfigurationPlatforms) = postSolution
		{C3742659-33D3-41A0-A05B-C0CDCF157C05}.Debug|Any CPU.ActiveCfg = Debug|Any CPU
		{C3742659-33D3-41A0-A05B-C0CDCF157C05}.Debug|Any CPU.Build.0 = Debug|Any CPU
		{C3742659-33D3-41A0-A05B-C0CDCF157C05}.Release|Any CPU.ActiveCfg = Release|Any CPU
		{C3742659-33D3-41A0-A05B-C0CDCF157C05}.Release|Any CPU.Build.0 = Release|Any CPU
		{3DF6CC31-0FD9-4812-9DB0-D72796B31DE3}.Debug|Any CPU.ActiveCfg = Debug|Any CPU
		{3DF6CC31-0FD9-4812-9DB0-D72796B31DE3}.Debug|Any CPU.Build.0 = Debug|Any CPU
		{3DF6CC31-0FD9-4812-9DB0-D72796B31DE3}.Release|Any CPU.ActiveCfg = Release|Any CPU
		{3DF6CC31-0FD9-4812-9DB0-D72796B31DE3}.Release|Any CPU.Build.0 = Release|Any CPU
		{EECD1415-C67C-41EF-8442-AAE348F6D424}.Debug|Any CPU.ActiveCfg = Debug|Any CPU
		{EECD1415-C67C-41EF-8442-AAE348F6D424}.Debug|Any CPU.Build.0 = Debug|Any CPU
		{EECD1415-C67C-41EF-8442-AAE348F6D424}.Release|Any CPU.ActiveCfg = Release|Any CPU
		{EECD1415-C67C-41EF-8442-AAE348F6D424}.Release|Any CPU.Build.0 = Release|Any CPU
	EndGlobalSection
	GlobalSection(SolutionProperties) = preSolution
		HideSolutionNode = FALSE
	EndGlobalSection
EndGlobal
